// !$*UTF8*$!
{
	archiveVersion = 1;
	classes = {
	};
	objectVersion = 46;
	objects = {

/* Begin PBXBuildFile section */
		E4FC3CCA1F301794006C6C2E /* main.m in Sources */ = {isa = PBXBuildFile; fileRef = E4FC3CC91F301794006C6C2E /* main.m */; };
		E4FC3CCD1F301794006C6C2E /* AppDelegate.m in Sources */ = {isa = PBXBuildFile; fileRef = E4FC3CCC1F301794006C6C2E /* AppDelegate.m */; };
		E4FC3CD51F301794006C6C2E /* Assets.xcassets in Resources */ = {isa = PBXBuildFile; fileRef = E4FC3CD41F301794006C6C2E /* Assets.xcassets */; };
		E4FC3CE31F301794006C6C2E /* GSY_____Tests.m in Sources */ = {isa = PBXBuildFile; fileRef = E4FC3CE21F301794006C6C2E /* GSY_____Tests.m */; };
		E4FC3CEE1F301794006C6C2E /* GSY_____UITests.m in Sources */ = {isa = PBXBuildFile; fileRef = E4FC3CED1F301794006C6C2E /* GSY_____UITests.m */; };
		E4FC3CFE1F30194B006C6C2E /* GSYTabBarController.m in Sources */ = {isa = PBXBuildFile; fileRef = E4FC3CFD1F30194B006C6C2E /* GSYTabBarController.m */; };
		E4FC3D0E1F316725006C6C2E /* GSYTabBar.m in Sources */ = {isa = PBXBuildFile; fileRef = E4FC3D0D1F316725006C6C2E /* GSYTabBar.m */; };
		E4FC3DB01F340C22006C6C2E /* UIView+GSYExtension.m in Sources */ = {isa = PBXBuildFile; fileRef = E4FC3DAF1F340C22006C6C2E /* UIView+GSYExtension.m */; };
		E4FC3DB31F3416FB006C6C2E /* GSYMeViewController.m in Sources */ = {isa = PBXBuildFile; fileRef = E4FC3DB21F3416FB006C6C2E /* GSYMeViewController.m */; };
		E4FC3DB61F34170B006C6C2E /* GSYFollowViewController.m in Sources */ = {isa = PBXBuildFile; fileRef = E4FC3DB51F34170B006C6C2E /* GSYFollowViewController.m */; };
		E4FC3DB91F341715006C6C2E /* GSYNewViewController.m in Sources */ = {isa = PBXBuildFile; fileRef = E4FC3DB81F341715006C6C2E /* GSYNewViewController.m */; };
		E4FC3DBC1F341723006C6C2E /* GSYEssenceViewController.m in Sources */ = {isa = PBXBuildFile; fileRef = E4FC3DBB1F341723006C6C2E /* GSYEssenceViewController.m */; };
		E4FC3DC81F354573006C6C2E /* GSYNavigationController.m in Sources */ = {isa = PBXBuildFile; fileRef = E4FC3DC71F354573006C6C2E /* GSYNavigationController.m */; };
		E4FC3DCB1F354659006C6C2E /* GSYRecommendFollowViewController.m in Sources */ = {isa = PBXBuildFile; fileRef = E4FC3DCA1F354659006C6C2E /* GSYRecommendFollowViewController.m */; };
		E4FC3DCE1F3547EC006C6C2E /* UIBarButtonItem+GSYExtension.m in Sources */ = {isa = PBXBuildFile; fileRef = E4FC3DCD1F3547EC006C6C2E /* UIBarButtonItem+GSYExtension.m */; };
		E4FC3E2E1F3A8C77006C6C2E /* GSYFollowViewController.xib in Resources */ = {isa = PBXBuildFile; fileRef = E4FC3E2D1F3A8C77006C6C2E /* GSYFollowViewController.xib */; };
/* End PBXBuildFile section */

/* Begin PBXContainerItemProxy section */
		E4FC3CDF1F301794006C6C2E /* PBXContainerItemProxy */ = {
			isa = PBXContainerItemProxy;
			containerPortal = E4FC3CBD1F301794006C6C2E /* Project object */;
			proxyType = 1;
			remoteGlobalIDString = E4FC3CC41F301794006C6C2E;
			remoteInfo = "GSY百思不得姐";
		};
		E4FC3CEA1F301794006C6C2E /* PBXContainerItemProxy */ = {
			isa = PBXContainerItemProxy;
			containerPortal = E4FC3CBD1F301794006C6C2E /* Project object */;
			proxyType = 1;
			remoteGlobalIDString = E4FC3CC41F301794006C6C2E;
			remoteInfo = "GSY百思不得姐";
		};
/* End PBXContainerItemProxy section */

/* Begin PBXFileReference section */
		E4FC3CC51F301794006C6C2E /* GSY百思不得姐.app */ = {isa = PBXFileReference; explicitFileType = wrapper.application; includeInIndex = 0; path = "GSY百思不得姐.app"; sourceTree = BUILT_PRODUCTS_DIR; };
		E4FC3CC91F301794006C6C2E /* main.m */ = {isa = PBXFileReference; lastKnownFileType = sourcecode.c.objc; path = main.m; sourceTree = "<group>"; };
		E4FC3CCB1F301794006C6C2E /* AppDelegate.h */ = {isa = PBXFileReference; lastKnownFileType = sourcecode.c.h; path = AppDelegate.h; sourceTree = "<group>"; };
		E4FC3CCC1F301794006C6C2E /* AppDelegate.m */ = {isa = PBXFileReference; lastKnownFileType = sourcecode.c.objc; path = AppDelegate.m; sourceTree = "<group>"; };
		E4FC3CD41F301794006C6C2E /* Assets.xcassets */ = {isa = PBXFileReference; lastKnownFileType = folder.assetcatalog; path = Assets.xcassets; sourceTree = "<group>"; };
		E4FC3CD91F301794006C6C2E /* Info.plist */ = {isa = PBXFileReference; lastKnownFileType = text.plist.xml; path = Info.plist; sourceTree = "<group>"; };
		E4FC3CDE1F301794006C6C2E /* GSY百思不得姐Tests.xctest */ = {isa = PBXFileReference; explicitFileType = wrapper.cfbundle; includeInIndex = 0; path = "GSY百思不得姐Tests.xctest"; sourceTree = BUILT_PRODUCTS_DIR; };
		E4FC3CE21F301794006C6C2E /* GSY_____Tests.m */ = {isa = PBXFileReference; lastKnownFileType = sourcecode.c.objc; path = "GSY_____Tests.m"; sourceTree = "<group>"; };
		E4FC3CE41F301794006C6C2E /* Info.plist */ = {isa = PBXFileReference; lastKnownFileType = text.plist.xml; path = Info.plist; sourceTree = "<group>"; };
		E4FC3CE91F301794006C6C2E /* GSY百思不得姐UITests.xctest */ = {isa = PBXFileReference; explicitFileType = wrapper.cfbundle; includeInIndex = 0; path = "GSY百思不得姐UITests.xctest"; sourceTree = BUILT_PRODUCTS_DIR; };
		E4FC3CED1F301794006C6C2E /* GSY_____UITests.m */ = {isa = PBXFileReference; lastKnownFileType = sourcecode.c.objc; path = "GSY_____UITests.m"; sourceTree = "<group>"; };
		E4FC3CEF1F301794006C6C2E /* Info.plist */ = {isa = PBXFileReference; lastKnownFileType = text.plist.xml; path = Info.plist; sourceTree = "<group>"; };
		E4FC3CFC1F30194B006C6C2E /* GSYTabBarController.h */ = {isa = PBXFileReference; fileEncoding = 4; lastKnownFileType = sourcecode.c.h; path = GSYTabBarController.h; sourceTree = "<group>"; };
		E4FC3CFD1F30194B006C6C2E /* GSYTabBarController.m */ = {isa = PBXFileReference; fileEncoding = 4; lastKnownFileType = sourcecode.c.objc; path = GSYTabBarController.m; sourceTree = "<group>"; };
		E4FC3D0C1F316725006C6C2E /* GSYTabBar.h */ = {isa = PBXFileReference; fileEncoding = 4; lastKnownFileType = sourcecode.c.h; path = GSYTabBar.h; sourceTree = "<group>"; };
		E4FC3D0D1F316725006C6C2E /* GSYTabBar.m */ = {isa = PBXFileReference; fileEncoding = 4; lastKnownFileType = sourcecode.c.objc; path = GSYTabBar.m; sourceTree = "<group>"; };
		E4FC3D0F1F316776006C6C2E /* PrefixHeader.pch */ = {isa = PBXFileReference; lastKnownFileType = sourcecode.c.h; path = PrefixHeader.pch; sourceTree = "<group>"; };
		E4FC3DAE1F340C22006C6C2E /* UIView+GSYExtension.h */ = {isa = PBXFileReference; fileEncoding = 4; lastKnownFileType = sourcecode.c.h; path = "UIView+GSYExtension.h"; sourceTree = "<group>"; };
		E4FC3DAF1F340C22006C6C2E /* UIView+GSYExtension.m */ = {isa = PBXFileReference; fileEncoding = 4; lastKnownFileType = sourcecode.c.objc; path = "UIView+GSYExtension.m"; sourceTree = "<group>"; };
		E4FC3DB11F3416FB006C6C2E /* GSYMeViewController.h */ = {isa = PBXFileReference; fileEncoding = 4; lastKnownFileType = sourcecode.c.h; path = GSYMeViewController.h; sourceTree = "<group>"; };
		E4FC3DB21F3416FB006C6C2E /* GSYMeViewController.m */ = {isa = PBXFileReference; fileEncoding = 4; lastKnownFileType = sourcecode.c.objc; path = GSYMeViewController.m; sourceTree = "<group>"; };
		E4FC3DB41F34170B006C6C2E /* GSYFollowViewController.h */ = {isa = PBXFileReference; fileEncoding = 4; lastKnownFileType = sourcecode.c.h; path = GSYFollowViewController.h; sourceTree = "<group>"; };
		E4FC3DB51F34170B006C6C2E /* GSYFollowViewController.m */ = {isa = PBXFileReference; fileEncoding = 4; lastKnownFileType = sourcecode.c.objc; path = GSYFollowViewController.m; sourceTree = "<group>"; };
		E4FC3DB71F341715006C6C2E /* GSYNewViewController.h */ = {isa = PBXFileReference; fileEncoding = 4; lastKnownFileType = sourcecode.c.h; path = GSYNewViewController.h; sourceTree = "<group>"; };
		E4FC3DB81F341715006C6C2E /* GSYNewViewController.m */ = {isa = PBXFileReference; fileEncoding = 4; lastKnownFileType = sourcecode.c.objc; path = GSYNewViewController.m; sourceTree = "<group>"; };
		E4FC3DBA1F341723006C6C2E /* GSYEssenceViewController.h */ = {isa = PBXFileReference; fileEncoding = 4; lastKnownFileType = sourcecode.c.h; path = GSYEssenceViewController.h; sourceTree = "<group>"; };
		E4FC3DBB1F341723006C6C2E /* GSYEssenceViewController.m */ = {isa = PBXFileReference; fileEncoding = 4; lastKnownFileType = sourcecode.c.objc; path = GSYEssenceViewController.m; sourceTree = "<group>"; };
		E4FC3DC61F354573006C6C2E /* GSYNavigationController.h */ = {isa = PBXFileReference; fileEncoding = 4; lastKnownFileType = sourcecode.c.h; path = GSYNavigationController.h; sourceTree = "<group>"; };
		E4FC3DC71F354573006C6C2E /* GSYNavigationController.m */ = {isa = PBXFileReference; fileEncoding = 4; lastKnownFileType = sourcecode.c.objc; path = GSYNavigationController.m; sourceTree = "<group>"; };
		E4FC3DC91F354659006C6C2E /* GSYRecommendFollowViewController.h */ = {isa = PBXFileReference; fileEncoding = 4; lastKnownFileType = sourcecode.c.h; path = GSYRecommendFollowViewController.h; sourceTree = "<group>"; };
		E4FC3DCA1F354659006C6C2E /* GSYRecommendFollowViewController.m */ = {isa = PBXFileReference; fileEncoding = 4; lastKnownFileType = sourcecode.c.objc; path = GSYRecommendFollowViewController.m; sourceTree = "<group>"; };
		E4FC3DCC1F3547EC006C6C2E /* UIBarButtonItem+GSYExtension.h */ = {isa = PBXFileReference; fileEncoding = 4; lastKnownFileType = sourcecode.c.h; path = "UIBarButtonItem+GSYExtension.h"; sourceTree = "<group>"; };
		E4FC3DCD1F3547EC006C6C2E /* UIBarButtonItem+GSYExtension.m */ = {isa = PBXFileReference; fileEncoding = 4; lastKnownFileType = sourcecode.c.objc; path = "UIBarButtonItem+GSYExtension.m"; sourceTree = "<group>"; };
		E4FC3E2D1F3A8C77006C6C2E /* GSYFollowViewController.xib */ = {isa = PBXFileReference; fileEncoding = 4; lastKnownFileType = file.xib; path = GSYFollowViewController.xib; sourceTree = "<group>"; };
/* End PBXFileReference section */

/* Begin PBXFrameworksBuildPhase section */
		E4FC3CC21F301794006C6C2E /* Frameworks */ = {
			isa = PBXFrameworksBuildPhase;
			buildActionMask = 2147483647;
			files = (
			);
			runOnlyForDeploymentPostprocessing = 0;
		};
		E4FC3CDB1F301794006C6C2E /* Frameworks */ = {
			isa = PBXFrameworksBuildPhase;
			buildActionMask = 2147483647;
			files = (
			);
			runOnlyForDeploymentPostprocessing = 0;
		};
		E4FC3CE61F301794006C6C2E /* Frameworks */ = {
			isa = PBXFrameworksBuildPhase;
			buildActionMask = 2147483647;
			files = (
			);
			runOnlyForDeploymentPostprocessing = 0;
		};
/* End PBXFrameworksBuildPhase section */

/* Begin PBXGroup section */
		E4FC3CBC1F301794006C6C2E = {
			isa = PBXGroup;
			children = (
				E4FC3CC71F301794006C6C2E /* GSY百思不得姐 */,
				E4FC3CE11F301794006C6C2E /* GSY百思不得姐Tests */,
				E4FC3CEC1F301794006C6C2E /* GSY百思不得姐UITests */,
				E4FC3CC61F301794006C6C2E /* Products */,
			);
			sourceTree = "<group>";
		};
		E4FC3CC61F301794006C6C2E /* Products */ = {
			isa = PBXGroup;
			children = (
				E4FC3CC51F301794006C6C2E /* GSY百思不得姐.app */,
				E4FC3CDE1F301794006C6C2E /* GSY百思不得姐Tests.xctest */,
				E4FC3CE91F301794006C6C2E /* GSY百思不得姐UITests.xctest */,
			);
			name = Products;
			sourceTree = "<group>";
		};
		E4FC3CC71F301794006C6C2E /* GSY百思不得姐 */ = {
			isa = PBXGroup;
			children = (
				E4FC3CFB1F301911006C6C2E /* Class */,
				E4FC3CC81F301794006C6C2E /* Supporting Files */,
			);
			path = "GSY百思不得姐";
			sourceTree = "<group>";
		};
		E4FC3CC81F301794006C6C2E /* Supporting Files */ = {
			isa = PBXGroup;
			children = (
				E4FC3CD41F301794006C6C2E /* Assets.xcassets */,
				E4FC3CD91F301794006C6C2E /* Info.plist */,
			);
			name = "Supporting Files";
			sourceTree = "<group>";
		};
		E4FC3CE11F301794006C6C2E /* GSY百思不得姐Tests */ = {
			isa = PBXGroup;
			children = (
				E4FC3CE21F301794006C6C2E /* GSY_____Tests.m */,
				E4FC3CE41F301794006C6C2E /* Info.plist */,
			);
			path = "GSY百思不得姐Tests";
			sourceTree = "<group>";
		};
		E4FC3CEC1F301794006C6C2E /* GSY百思不得姐UITests */ = {
			isa = PBXGroup;
			children = (
				E4FC3CED1F301794006C6C2E /* GSY_____UITests.m */,
				E4FC3CEF1F301794006C6C2E /* Info.plist */,
			);
			path = "GSY百思不得姐UITests";
			sourceTree = "<group>";
		};
		E4FC3CFB1F301911006C6C2E /* Class */ = {
			isa = PBXGroup;
			children = (
				E4FC3D9E1F340A53006C6C2E /* Essence-精华 */,
				E4FC3D9D1F340A46006C6C2E /* New-新帖 */,
				E4FC3D9C1F340A3B006C6C2E /* Follow-关注 */,
				E4FC3D9B1F340A31006C6C2E /* Me-我 */,
				E4FC3D9A1F340A07006C6C2E /* Other-其他 */,
			);
			name = Class;
			sourceTree = "<group>";
		};
		E4FC3D9A1F340A07006C6C2E /* Other-其他 */ = {
			isa = PBXGroup;
			children = (
				E4FC3CCB1F301794006C6C2E /* AppDelegate.h */,
				E4FC3CCC1F301794006C6C2E /* AppDelegate.m */,
				E4FC3CC91F301794006C6C2E /* main.m */,
				E4FC3D0F1F316776006C6C2E /* PrefixHeader.pch */,
				E4FC3DA11F340A80006C6C2E /* View */,
				E4FC3DA01F340A78006C6C2E /* Controller */,
				E4FC3D9F1F340A64006C6C2E /* Category */,
			);
			name = "Other-其他";
			sourceTree = "<group>";
		};
		E4FC3D9B1F340A31006C6C2E /* Me-我 */ = {
			isa = PBXGroup;
			children = (
				E4FC3DA41F340AD6006C6C2E /* Model */,
				E4FC3DA31F340AD0006C6C2E /* View */,
				E4FC3DA21F340AC7006C6C2E /* Controller */,
			);
			name = "Me-我";
			sourceTree = "<group>";
		};
		E4FC3D9C1F340A3B006C6C2E /* Follow-关注 */ = {
			isa = PBXGroup;
			children = (
				E4FC3DA71F340AFA006C6C2E /* Model */,
				E4FC3DA61F340AF3006C6C2E /* View */,
				E4FC3DA51F340AE0006C6C2E /* Controller */,
			);
			name = "Follow-关注";
			sourceTree = "<group>";
		};
		E4FC3D9D1F340A46006C6C2E /* New-新帖 */ = {
			isa = PBXGroup;
			children = (
				E4FC3DAA1F340B11006C6C2E /* Model */,
				E4FC3DA91F340B0C006C6C2E /* View */,
				E4FC3DA81F340B04006C6C2E /* Controller */,
			);
			name = "New-新帖";
			sourceTree = "<group>";
		};
		E4FC3D9E1F340A53006C6C2E /* Essence-精华 */ = {
			isa = PBXGroup;
			children = (
				E4FC3DAD1F340B28006C6C2E /* Model */,
				E4FC3DAC1F340B20006C6C2E /* View */,
				E4FC3DAB1F340B19006C6C2E /* Controller */,
			);
			name = "Essence-精华";
			sourceTree = "<group>";
		};
		E4FC3D9F1F340A64006C6C2E /* Category */ = {
			isa = PBXGroup;
			children = (
				E4FC3DAE1F340C22006C6C2E /* UIView+GSYExtension.h */,
				E4FC3DAF1F340C22006C6C2E /* UIView+GSYExtension.m */,
				E4FC3DCC1F3547EC006C6C2E /* UIBarButtonItem+GSYExtension.h */,
				E4FC3DCD1F3547EC006C6C2E /* UIBarButtonItem+GSYExtension.m */,
			);
			name = Category;
			sourceTree = "<group>";
		};
		E4FC3DA01F340A78006C6C2E /* Controller */ = {
			isa = PBXGroup;
			children = (
				E4FC3D0C1F316725006C6C2E /* GSYTabBar.h */,
				E4FC3D0D1F316725006C6C2E /* GSYTabBar.m */,
				E4FC3CFC1F30194B006C6C2E /* GSYTabBarController.h */,
				E4FC3CFD1F30194B006C6C2E /* GSYTabBarController.m */,
				E4FC3DC61F354573006C6C2E /* GSYNavigationController.h */,
				E4FC3DC71F354573006C6C2E /* GSYNavigationController.m */,
			);
			name = Controller;
			sourceTree = "<group>";
		};
		E4FC3DA11F340A80006C6C2E /* View */ = {
			isa = PBXGroup;
			children = (
			);
			name = View;
			sourceTree = "<group>";
		};
		E4FC3DA21F340AC7006C6C2E /* Controller */ = {
			isa = PBXGroup;
			children = (
				E4FC3DB11F3416FB006C6C2E /* GSYMeViewController.h */,
				E4FC3DB21F3416FB006C6C2E /* GSYMeViewController.m */,
			);
			name = Controller;
			sourceTree = "<group>";
		};
		E4FC3DA31F340AD0006C6C2E /* View */ = {
			isa = PBXGroup;
			children = (
			);
			name = View;
			sourceTree = "<group>";
		};
		E4FC3DA41F340AD6006C6C2E /* Model */ = {
			isa = PBXGroup;
			children = (
			);
			name = Model;
			sourceTree = "<group>";
		};
		E4FC3DA51F340AE0006C6C2E /* Controller */ = {
			isa = PBXGroup;
			children = (
				E4FC3DB41F34170B006C6C2E /* GSYFollowViewController.h */,
				E4FC3DB51F34170B006C6C2E /* GSYFollowViewController.m */,
				E4FC3E2D1F3A8C77006C6C2E /* GSYFollowViewController.xib */,
				E4FC3DC91F354659006C6C2E /* GSYRecommendFollowViewController.h */,
				E4FC3DCA1F354659006C6C2E /* GSYRecommendFollowViewController.m */,
			);
			name = Controller;
			sourceTree = "<group>";
		};
		E4FC3DA61F340AF3006C6C2E /* View */ = {
			isa = PBXGroup;
			children = (
			);
			name = View;
			sourceTree = "<group>";
		};
		E4FC3DA71F340AFA006C6C2E /* Model */ = {
			isa = PBXGroup;
			children = (
			);
			name = Model;
			sourceTree = "<group>";
		};
		E4FC3DA81F340B04006C6C2E /* Controller */ = {
			isa = PBXGroup;
			children = (
				E4FC3DB71F341715006C6C2E /* GSYNewViewController.h */,
				E4FC3DB81F341715006C6C2E /* GSYNewViewController.m */,
			);
			name = Controller;
			sourceTree = "<group>";
		};
		E4FC3DA91F340B0C006C6C2E /* View */ = {
			isa = PBXGroup;
			children = (
			);
			name = View;
			sourceTree = "<group>";
		};
		E4FC3DAA1F340B11006C6C2E /* Model */ = {
			isa = PBXGroup;
			children = (
			);
			name = Model;
			sourceTree = "<group>";
		};
		E4FC3DAB1F340B19006C6C2E /* Controller */ = {
			isa = PBXGroup;
			children = (
				E4FC3DBA1F341723006C6C2E /* GSYEssenceViewController.h */,
				E4FC3DBB1F341723006C6C2E /* GSYEssenceViewController.m */,
			);
			name = Controller;
			sourceTree = "<group>";
		};
		E4FC3DAC1F340B20006C6C2E /* View */ = {
			isa = PBXGroup;
			children = (
			);
			name = View;
			sourceTree = "<group>";
		};
		E4FC3DAD1F340B28006C6C2E /* Model */ = {
			isa = PBXGroup;
			children = (
			);
			name = Model;
			sourceTree = "<group>";
		};
/* End PBXGroup section */

/* Begin PBXNativeTarget section */
		E4FC3CC41F301794006C6C2E /* GSY百思不得姐 */ = {
			isa = PBXNativeTarget;
			buildConfigurationList = E4FC3CF21F301794006C6C2E /* Build configuration list for PBXNativeTarget "GSY百思不得姐" */;
			buildPhases = (
				E4FC3CC11F301794006C6C2E /* Sources */,
				E4FC3CC21F301794006C6C2E /* Frameworks */,
				E4FC3CC31F301794006C6C2E /* Resources */,
			);
			buildRules = (
			);
			dependencies = (
			);
			name = "GSY百思不得姐";
			productName = "GSY百思不得姐";
			productReference = E4FC3CC51F301794006C6C2E /* GSY百思不得姐.app */;
			productType = "com.apple.product-type.application";
		};
		E4FC3CDD1F301794006C6C2E /* GSY百思不得姐Tests */ = {
			isa = PBXNativeTarget;
			buildConfigurationList = E4FC3CF51F301794006C6C2E /* Build configuration list for PBXNativeTarget "GSY百思不得姐Tests" */;
			buildPhases = (
				E4FC3CDA1F301794006C6C2E /* Sources */,
				E4FC3CDB1F301794006C6C2E /* Frameworks */,
				E4FC3CDC1F301794006C6C2E /* Resources */,
			);
			buildRules = (
			);
			dependencies = (
				E4FC3CE01F301794006C6C2E /* PBXTargetDependency */,
			);
			name = "GSY百思不得姐Tests";
			productName = "GSY百思不得姐Tests";
			productReference = E4FC3CDE1F301794006C6C2E /* GSY百思不得姐Tests.xctest */;
			productType = "com.apple.product-type.bundle.unit-test";
		};
		E4FC3CE81F301794006C6C2E /* GSY百思不得姐UITests */ = {
			isa = PBXNativeTarget;
			buildConfigurationList = E4FC3CF81F301794006C6C2E /* Build configuration list for PBXNativeTarget "GSY百思不得姐UITests" */;
			buildPhases = (
				E4FC3CE51F301794006C6C2E /* Sources */,
				E4FC3CE61F301794006C6C2E /* Frameworks */,
				E4FC3CE71F301794006C6C2E /* Resources */,
			);
			buildRules = (
			);
			dependencies = (
				E4FC3CEB1F301794006C6C2E /* PBXTargetDependency */,
			);
			name = "GSY百思不得姐UITests";
			productName = "GSY百思不得姐UITests";
			productReference = E4FC3CE91F301794006C6C2E /* GSY百思不得姐UITests.xctest */;
			productType = "com.apple.product-type.bundle.ui-testing";
		};
/* End PBXNativeTarget section */

/* Begin PBXProject section */
		E4FC3CBD1F301794006C6C2E /* Project object */ = {
			isa = PBXProject;
			attributes = {
				CLASSPREFIX = GSY;
				LastUpgradeCheck = 0820;
				ORGANIZATIONNAME = Song;
				TargetAttributes = {
					E4FC3CC41F301794006C6C2E = {
						CreatedOnToolsVersion = 8.2.1;
						ProvisioningStyle = Automatic;
					};
					E4FC3CDD1F301794006C6C2E = {
						CreatedOnToolsVersion = 8.2.1;
						ProvisioningStyle = Automatic;
						TestTargetID = E4FC3CC41F301794006C6C2E;
					};
					E4FC3CE81F301794006C6C2E = {
						CreatedOnToolsVersion = 8.2.1;
						ProvisioningStyle = Automatic;
						TestTargetID = E4FC3CC41F301794006C6C2E;
					};
				};
			};
			buildConfigurationList = E4FC3CC01F301794006C6C2E /* Build configuration list for PBXProject "GSY百思不得姐" */;
			compatibilityVersion = "Xcode 3.2";
			developmentRegion = English;
			hasScannedForEncodings = 0;
			knownRegions = (
				en,
				Base,
			);
			mainGroup = E4FC3CBC1F301794006C6C2E;
			productRefGroup = E4FC3CC61F301794006C6C2E /* Products */;
			projectDirPath = "";
			projectRoot = "";
			targets = (
				E4FC3CC41F301794006C6C2E /* GSY百思不得姐 */,
				E4FC3CDD1F301794006C6C2E /* GSY百思不得姐Tests */,
				E4FC3CE81F301794006C6C2E /* GSY百思不得姐UITests */,
			);
		};
/* End PBXProject section */

/* Begin PBXResourcesBuildPhase section */
		E4FC3CC31F301794006C6C2E /* Resources */ = {
			isa = PBXResourcesBuildPhase;
			buildActionMask = 2147483647;
			files = (
				E4FC3CD51F301794006C6C2E /* Assets.xcassets in Resources */,
				E4FC3E2E1F3A8C77006C6C2E /* GSYFollowViewController.xib in Resources */,
			);
			runOnlyForDeploymentPostprocessing = 0;
		};
		E4FC3CDC1F301794006C6C2E /* Resources */ = {
			isa = PBXResourcesBuildPhase;
			buildActionMask = 2147483647;
			files = (
			);
			runOnlyForDeploymentPostprocessing = 0;
		};
		E4FC3CE71F301794006C6C2E /* Resources */ = {
			isa = PBXResourcesBuildPhase;
			buildActionMask = 2147483647;
			files = (
			);
			runOnlyForDeploymentPostprocessing = 0;
		};
/* End PBXResourcesBuildPhase section */

/* Begin PBXSourcesBuildPhase section */
		E4FC3CC11F301794006C6C2E /* Sources */ = {
			isa = PBXSourcesBuildPhase;
			buildActionMask = 2147483647;
			files = (
				E4FC3CCD1F301794006C6C2E /* AppDelegate.m in Sources */,
				E4FC3DCB1F354659006C6C2E /* GSYRecommendFollowViewController.m in Sources */,
				E4FC3DCE1F3547EC006C6C2E /* UIBarButtonItem+GSYExtension.m in Sources */,
				E4FC3DC81F354573006C6C2E /* GSYNavigationController.m in Sources */,
				E4FC3DBC1F341723006C6C2E /* GSYEssenceViewController.m in Sources */,
				E4FC3D0E1F316725006C6C2E /* GSYTabBar.m in Sources */,
				E4FC3DB61F34170B006C6C2E /* GSYFollowViewController.m in Sources */,
				E4FC3DB31F3416FB006C6C2E /* GSYMeViewController.m in Sources */,
				E4FC3CCA1F301794006C6C2E /* main.m in Sources */,
				E4FC3DB91F341715006C6C2E /* GSYNewViewController.m in Sources */,
				E4FC3CFE1F30194B006C6C2E /* GSYTabBarController.m in Sources */,
				E4FC3DB01F340C22006C6C2E /* UIView+GSYExtension.m in Sources */,
			);
			runOnlyForDeploymentPostprocessing = 0;
		};
		E4FC3CDA1F301794006C6C2E /* Sources */ = {
			isa = PBXSourcesBuildPhase;
			buildActionMask = 2147483647;
			files = (
				E4FC3CE31F301794006C6C2E /* GSY_____Tests.m in Sources */,
			);
			runOnlyForDeploymentPostprocessing = 0;
		};
		E4FC3CE51F301794006C6C2E /* Sources */ = {
			isa = PBXSourcesBuildPhase;
			buildActionMask = 2147483647;
			files = (
				E4FC3CEE1F301794006C6C2E /* GSY_____UITests.m in Sources */,
			);
			runOnlyForDeploymentPostprocessing = 0;
		};
/* End PBXSourcesBuildPhase section */

/* Begin PBXTargetDependency section */
		E4FC3CE01F301794006C6C2E /* PBXTargetDependency */ = {
			isa = PBXTargetDependency;
			target = E4FC3CC41F301794006C6C2E /* GSY百思不得姐 */;
			targetProxy = E4FC3CDF1F301794006C6C2E /* PBXContainerItemProxy */;
		};
		E4FC3CEB1F301794006C6C2E /* PBXTargetDependency */ = {
			isa = PBXTargetDependency;
			target = E4FC3CC41F301794006C6C2E /* GSY百思不得姐 */;
			targetProxy = E4FC3CEA1F301794006C6C2E /* PBXContainerItemProxy */;
		};
/* End PBXTargetDependency section */

/* Begin XCBuildConfiguration section */
		E4FC3CF01F301794006C6C2E /* Debug */ = {
			isa = XCBuildConfiguration;
			buildSettings = {
				ALWAYS_SEARCH_USER_PATHS = NO;
				CLANG_ANALYZER_NONNULL = YES;
				CLANG_CXX_LANGUAGE_STANDARD = "gnu++0x";
				CLANG_CXX_LIBRARY = "libc++";
				CLANG_ENABLE_MODULES = YES;
				CLANG_ENABLE_OBJC_ARC = YES;
				CLANG_WARN_BOOL_CONVERSION = YES;
				CLANG_WARN_CONSTANT_CONVERSION = YES;
				CLANG_WARN_DIRECT_OBJC_ISA_USAGE = YES_ERROR;
				CLANG_WARN_DOCUMENTATION_COMMENTS = YES;
				CLANG_WARN_EMPTY_BODY = YES;
				CLANG_WARN_ENUM_CONVERSION = YES;
				CLANG_WARN_INFINITE_RECURSION = YES;
				CLANG_WARN_INT_CONVERSION = YES;
				CLANG_WARN_OBJC_ROOT_CLASS = YES_ERROR;
				CLANG_WARN_SUSPICIOUS_MOVE = YES;
				CLANG_WARN_UNREACHABLE_CODE = YES;
				CLANG_WARN__DUPLICATE_METHOD_MATCH = YES;
				"CODE_SIGN_IDENTITY[sdk=iphoneos*]" = "iPhone Developer";
				COPY_PHASE_STRIP = NO;
				DEBUG_INFORMATION_FORMAT = dwarf;
				ENABLE_STRICT_OBJC_MSGSEND = YES;
				ENABLE_TESTABILITY = YES;
				GCC_C_LANGUAGE_STANDARD = gnu99;
				GCC_DYNAMIC_NO_PIC = NO;
				GCC_NO_COMMON_BLOCKS = YES;
				GCC_OPTIMIZATION_LEVEL = 0;
				GCC_PREPROCESSOR_DEFINITIONS = (
					"DEBUG=1",
					"$(inherited)",
				);
				GCC_WARN_64_TO_32_BIT_CONVERSION = YES;
				GCC_WARN_ABOUT_RETURN_TYPE = YES_ERROR;
				GCC_WARN_UNDECLARED_SELECTOR = YES;
				GCC_WARN_UNINITIALIZED_AUTOS = YES_AGGRESSIVE;
				GCC_WARN_UNUSED_FUNCTION = YES;
				GCC_WARN_UNUSED_VARIABLE = YES;
				IPHONEOS_DEPLOYMENT_TARGET = 10.2;
				MTL_ENABLE_DEBUG_INFO = YES;
				ONLY_ACTIVE_ARCH = YES;
				SDKROOT = iphoneos;
			};
			name = Debug;
		};
		E4FC3CF11F301794006C6C2E /* Release */ = {
			isa = XCBuildConfiguration;
			buildSettings = {
				ALWAYS_SEARCH_USER_PATHS = NO;
				CLANG_ANALYZER_NONNULL = YES;
				CLANG_CXX_LANGUAGE_STANDARD = "gnu++0x";
				CLANG_CXX_LIBRARY = "libc++";
				CLANG_ENABLE_MODULES = YES;
				CLANG_ENABLE_OBJC_ARC = YES;
				CLANG_WARN_BOOL_CONVERSION = YES;
				CLANG_WARN_CONSTANT_CONVERSION = YES;
				CLANG_WARN_DIRECT_OBJC_ISA_USAGE = YES_ERROR;
				CLANG_WARN_DOCUMENTATION_COMMENTS = YES;
				CLANG_WARN_EMPTY_BODY = YES;
				CLANG_WARN_ENUM_CONVERSION = YES;
				CLANG_WARN_INFINITE_RECURSION = YES;
				CLANG_WARN_INT_CONVERSION = YES;
				CLANG_WARN_OBJC_ROOT_CLASS = YES_ERROR;
				CLANG_WARN_SUSPICIOUS_MOVE = YES;
				CLANG_WARN_UNREACHABLE_CODE = YES;
				CLANG_WARN__DUPLICATE_METHOD_MATCH = YES;
				"CODE_SIGN_IDENTITY[sdk=iphoneos*]" = "iPhone Developer";
				COPY_PHASE_STRIP = NO;
				DEBUG_INFORMATION_FORMAT = "dwarf-with-dsym";
				ENABLE_NS_ASSERTIONS = NO;
				ENABLE_STRICT_OBJC_MSGSEND = YES;
				GCC_C_LANGUAGE_STANDARD = gnu99;
				GCC_NO_COMMON_BLOCKS = YES;
				GCC_WARN_64_TO_32_BIT_CONVERSION = YES;
				GCC_WARN_ABOUT_RETURN_TYPE = YES_ERROR;
				GCC_WARN_UNDECLARED_SELECTOR = YES;
				GCC_WARN_UNINITIALIZED_AUTOS = YES_AGGRESSIVE;
				GCC_WARN_UNUSED_FUNCTION = YES;
				GCC_WARN_UNUSED_VARIABLE = YES;
				IPHONEOS_DEPLOYMENT_TARGET = 10.2;
				MTL_ENABLE_DEBUG_INFO = NO;
				SDKROOT = iphoneos;
				VALIDATE_PRODUCT = YES;
			};
			name = Release;
		};
		E4FC3CF31F301794006C6C2E /* Debug */ = {
			isa = XCBuildConfiguration;
			buildSettings = {
				ASSETCATALOG_COMPILER_APPICON_NAME = AppIcon;
				ASSETCATALOG_COMPILER_LAUNCHIMAGE_NAME = LaunchImage;
				GCC_PREFIX_HEADER = "GSY百思不得姐/PrefixHeader.pch";
				INFOPLIST_FILE = "GSY百思不得姐/Info.plist";
				LD_RUNPATH_SEARCH_PATHS = "$(inherited) @executable_path/Frameworks";
				PRODUCT_BUNDLE_IDENTIFIER = "Song.GSY-----";
				PRODUCT_NAME = "$(TARGET_NAME)";
			};
			name = Debug;
		};
		E4FC3CF41F301794006C6C2E /* Release */ = {
			isa = XCBuildConfiguration;
			buildSettings = {
				ASSETCATALOG_COMPILER_APPICON_NAME = AppIcon;
				ASSETCATALOG_COMPILER_LAUNCHIMAGE_NAME = LaunchImage;
				GCC_PREFIX_HEADER = "GSY百思不得姐/PrefixHeader.pch";
				INFOPLIST_FILE = "GSY百思不得姐/Info.plist";
				LD_RUNPATH_SEARCH_PATHS = "$(inherited) @executable_path/Frameworks";
				PRODUCT_BUNDLE_IDENTIFIER = "Song.GSY-----";
				PRODUCT_NAME = "$(TARGET_NAME)";
			};
			name = Release;
		};
		E4FC3CF61F301794006C6C2E /* Debug */ = {
			isa = XCBuildConfiguration;
			buildSettings = {
				BUNDLE_LOADER = "$(TEST_HOST)";
				INFOPLIST_FILE = "GSY百思不得姐Tests/Info.plist";
				LD_RUNPATH_SEARCH_PATHS = "$(inherited) @executable_path/Frameworks @loader_path/Frameworks";
				PRODUCT_BUNDLE_IDENTIFIER = "Song.GSY-----Tests";
				PRODUCT_NAME = "$(TARGET_NAME)";
				TEST_HOST = "$(BUILT_PRODUCTS_DIR)/GSY百思不得姐.app/GSY百思不得姐";
			};
			name = Debug;
		};
		E4FC3CF71F301794006C6C2E /* Release */ = {
			isa = XCBuildConfiguration;
			buildSettings = {
				BUNDLE_LOADER = "$(TEST_HOST)";
				INFOPLIST_FILE = "GSY百思不得姐Tests/Info.plist";
				LD_RUNPATH_SEARCH_PATHS = "$(inherited) @executable_path/Frameworks @loader_path/Frameworks";
				PRODUCT_BUNDLE_IDENTIFIER = "Song.GSY-----Tests";
				PRODUCT_NAME = "$(TARGET_NAME)";
				TEST_HOST = "$(BUILT_PRODUCTS_DIR)/GSY百思不得姐.app/GSY百思不得姐";
			};
			name = Release;
		};
		E4FC3CF91F301794006C6C2E /* Debug */ = {
			isa = XCBuildConfiguration;
			buildSettings = {
				INFOPLIST_FILE = "GSY百思不得姐UITests/Info.plist";
				LD_RUNPATH_SEARCH_PATHS = "$(inherited) @executable_path/Frameworks @loader_path/Frameworks";
				PRODUCT_BUNDLE_IDENTIFIER = "Song.GSY-----UITests";
				PRODUCT_NAME = "$(TARGET_NAME)";
				TEST_TARGET_NAME = "GSY百思不得姐";
			};
			name = Debug;
		};
		E4FC3CFA1F301794006C6C2E /* Release */ = {
			isa = XCBuildConfiguration;
			buildSettings = {
				INFOPLIST_FILE = "GSY百思不得姐UITests/Info.plist";
				LD_RUNPATH_SEARCH_PATHS = "$(inherited) @executable_path/Frameworks @loader_path/Frameworks";
				PRODUCT_BUNDLE_IDENTIFIER = "Song.GSY-----UITests";
				PRODUCT_NAME = "$(TARGET_NAME)";
				TEST_TARGET_NAME = "GSY百思不得姐";
			};
			name = Release;
		};
/* End XCBuildConfiguration section */

/* Begin XCConfigurationList section */
		E4FC3CC01F301794006C6C2E /* Build configuration list for PBXProject "GSY百思不得姐" */ = {
			isa = XCConfigurationList;
			buildConfigurations = (
				E4FC3CF01F301794006C6C2E /* Debug */,
				E4FC3CF11F301794006C6C2E /* Release */,
			);
			defaultConfigurationIsVisible = 0;
			defaultConfigurationName = Release;
		};
		E4FC3CF21F301794006C6C2E /* Build configuration list for PBXNativeTarget "GSY百思不得姐" */ = {
			isa = XCConfigurationList;
			buildConfigurations = (
				E4FC3CF31F301794006C6C2E /* Debug */,
				E4FC3CF41F301794006C6C2E /* Release */,
			);
			defaultConfigurationIsVisible = 0;
			defaultConfigurationName = Release;
		};
		E4FC3CF51F301794006C6C2E /* Build configuration list for PBXNativeTarget "GSY百思不得姐Tests" */ = {
			isa = XCConfigurationList;
			buildConfigurations = (
				E4FC3CF61F301794006C6C2E /* Debug */,
				E4FC3CF71F301794006C6C2E /* Release */,
			);
			defaultConfigurationIsVisible = 0;
			defaultConfigurationName = Release;
		};
		E4FC3CF81F301794006C6C2E /* Build configuration list for PBXNativeTarget "GSY百思不得姐UITests" */ = {
			isa = XCConfigurationList;
			buildConfigurations = (
				E4FC3CF91F301794006C6C2E /* Debug */,
				E4FC3CFA1F301794006C6C2E /* Release */,
			);
			defaultConfigurationIsVisible = 0;
			defaultConfigurationName = Release;
		};
/* End XCConfigurationList section */
	};
	rootObject = E4FC3CBD1F301794006C6C2E /* Project object */;
}
